
Microsoft Visual Studio Solution File, Format Version 12.00
# Visual Studio Version 16
VisualStudioVersion = 16.0.29728.190
MinimumVisualStudioVersion = 10.0.40219.1
Project("{FAE04EC0-301F-11D3-BF4B-00C04F79EFBC}") = "Singleton", "Singleton\Singleton.csproj", "{89DCB174-2657-4BC1-9CE5-4CB6D4104CAE}"
EndProject
Global
	GlobalSection(SolutionConfigurationPlatforms) = preSolution
		Debug|Any CPU = Debug|Any CPU
		Release|Any CPU = Release|Any CPU
	EndGlobalSection
	GlobalSection(ProjectConfigurationPlatforms) = postSolution
		{89DCB174-2657-4BC1-9CE5-4CB6D4104CAE}.Debug|Any CPU.ActiveCfg = Debug|Any CPU
		{89DCB174-2657-4BC1-9CE5-4CB6D4104CAE}.Debug|Any CPU.Build.0 = Debug|Any CPU
		{89DCB174-2657-4BC1-9CE5-4CB6D4104CAE}.Release|Any CPU.ActiveCfg = Release|Any CPU
		{89DCB174-2657-4BC1-9CE5-4CB6D4104CAE}.Release|Any CPU.Build.0 = Release|Any CPU
	EndGlobalSection
	GlobalSection(SolutionProperties) = preSolution
		HideSolutionNode = FALSE
	EndGlobalSection
	GlobalSection(ExtensibilityGlobals) = postSolution
		SolutionGuid = {C7FFBF4D-7A77-4869-87F3-878B879BC6C0}
	EndGlobalSection
EndGlobal
