
Microsoft Visual Studio Solution File, Format Version 12.00
# Visual Studio Version 16
VisualStudioVersion = 16.0.29728.190
MinimumVisualStudioVersion = 10.0.40219.1
Project("{FAE04EC0-301F-11D3-BF4B-00C04F79EFBC}") = "Factorymethod", "Factorymethod\Factorymethod.csproj", "{15A71740-5222-45EA-9CE6-A99E21104826}"
EndProject
Global
	GlobalSection(SolutionConfigurationPlatforms) = preSolution
		Debug|Any CPU = Debug|Any CPU
		Release|Any CPU = Release|Any CPU
	EndGlobalSection
	GlobalSection(ProjectConfigurationPlatforms) = postSolution
		{15A71740-5222-45EA-9CE6-A99E21104826}.Debug|Any CPU.ActiveCfg = Debug|Any CPU
		{15A71740-5222-45EA-9CE6-A99E21104826}.Debug|Any CPU.Build.0 = Debug|Any CPU
		{15A71740-5222-45EA-9CE6-A99E21104826}.Release|Any CPU.ActiveCfg = Release|Any CPU
		{15A71740-5222-45EA-9CE6-A99E21104826}.Release|Any CPU.Build.0 = Release|Any CPU
	EndGlobalSection
	GlobalSection(SolutionProperties) = preSolution
		HideSolutionNode = FALSE
	EndGlobalSection
	GlobalSection(ExtensibilityGlobals) = postSolution
		SolutionGuid = {FC18E564-512F-46D7-B751-F882E8476451}
	EndGlobalSection
EndGlobal
